
Microsoft Visual Studio Solution File, Format Version 12.00
# Visual Studio Version 16
VisualStudioVersion = 16.0.28315.86
MinimumVisualStudioVersion = 10.0.40219.1
Project("{2150E333-8FDC-42A3-9474-1A3956D46DE8}") = "Solution Items", "Solution Items", "{65D019ED-1B19-47DD-8C89-4FBABAA860D8}"
	ProjectSection(SolutionItems) = preProject
		appveyor.yml = appveyor.yml
		global.json = global.json
		README.md = README.md
	EndProjectSection
EndProject
Project("{2150E333-8FDC-42A3-9474-1A3956D46DE8}") = "src", "src", "{6D7773F3-76FA-4E25-A85C-7AA1AD5668D8}"
EndProject
Project("{2150E333-8FDC-42A3-9474-1A3956D46DE8}") = "tools", "tools", "{CF8C1543-B634-47F5-BF43-4508F64E0554}"
EndProject
Project("{2150E333-8FDC-42A3-9474-1A3956D46DE8}") = "tests", "tests", "{17EC0D83-06FD-45A9-87CE-5A6901204774}"
EndProject
Project("{9A19103F-16F7-4668-BE54-9A1E7A4F7556}") = "jmespath.net", "src\jmespath.net\jmespath.net.csproj", "{C1B8BA55-2115-406F-944D-39EFA384879D}"
EndProject
Project("{9A19103F-16F7-4668-BE54-9A1E7A4F7556}") = "jmespathnet.compliance", "tools\jmespathnet.compliance\jmespathnet.compliance.csproj", "{63368C99-13F3-49F6-B221-2AD3595486E7}"
EndProject
Project("{9A19103F-16F7-4668-BE54-9A1E7A4F7556}") = "jmespathnet.tests", "tests\jmespathnet.tests\jmespathnet.tests.csproj", "{43EC8A0D-27A8-476C-8806-ED18FCC8B2F2}"
EndProject
Project("{9A19103F-16F7-4668-BE54-9A1E7A4F7556}") = "JmesPath.net.parser", "src\jmespath.net.parser\JmesPath.Parser.csproj", "{A3301284-F70F-45E2-ABC9-A19D66A10712}"
EndProject
Project("{2150E333-8FDC-42A3-9474-1A3956D46DE8}") = ".config", ".config", "{7D92C6D8-FB53-48C0-80F4-9120675714CC}"
	ProjectSection(SolutionItems) = preProject
		.config\dotnet-tools.json = .config\dotnet-tools.json
	EndProjectSection
EndProject
Global
	GlobalSection(SolutionConfigurationPlatforms) = preSolution
		Debug|Any CPU = Debug|Any CPU
		Release|Any CPU = Release|Any CPU
	EndGlobalSection
	GlobalSection(ProjectConfigurationPlatforms) = postSolution
		{C1B8BA55-2115-406F-944D-39EFA384879D}.Debug|Any CPU.ActiveCfg = Debug|Any CPU
		{C1B8BA55-2115-406F-944D-39EFA384879D}.Debug|Any CPU.Build.0 = Debug|Any CPU
		{C1B8BA55-2115-406F-944D-39EFA384879D}.Release|Any CPU.ActiveCfg = Release|Any CPU
		{C1B8BA55-2115-406F-944D-39EFA384879D}.Release|Any CPU.Build.0 = Release|Any CPU
		{63368C99-13F3-49F6-B221-2AD3595486E7}.Debug|Any CPU.ActiveCfg = Debug|Any CPU
		{63368C99-13F3-49F6-B221-2AD3595486E7}.Debug|Any CPU.Build.0 = Debug|Any CPU
		{63368C99-13F3-49F6-B221-2AD3595486E7}.Release|Any CPU.ActiveCfg = Release|Any CPU
		{63368C99-13F3-49F6-B221-2AD3595486E7}.Release|Any CPU.Build.0 = Release|Any CPU
		{43EC8A0D-27A8-476C-8806-ED18FCC8B2F2}.Debug|Any CPU.ActiveCfg = Debug|Any CPU
		{43EC8A0D-27A8-476C-8806-ED18FCC8B2F2}.Debug|Any CPU.Build.0 = Debug|Any CPU
		{43EC8A0D-27A8-476C-8806-ED18FCC8B2F2}.Release|Any CPU.ActiveCfg = Release|Any CPU
		{43EC8A0D-27A8-476C-8806-ED18FCC8B2F2}.Release|Any CPU.Build.0 = Release|Any CPU
		{A3301284-F70F-45E2-ABC9-A19D66A10712}.Debug|Any CPU.ActiveCfg = Debug|Any CPU
		{A3301284-F70F-45E2-ABC9-A19D66A10712}.Debug|Any CPU.Build.0 = Debug|Any CPU
		{A3301284-F70F-45E2-ABC9-A19D66A10712}.Release|Any CPU.ActiveCfg = Release|Any CPU
		{A3301284-F70F-45E2-ABC9-A19D66A10712}.Release|Any CPU.Build.0 = Release|Any CPU
	EndGlobalSection
	GlobalSection(SolutionProperties) = preSolution
		HideSolutionNode = FALSE
	EndGlobalSection
	GlobalSection(NestedProjects) = preSolution
		{C1B8BA55-2115-406F-944D-39EFA384879D} = {6D7773F3-76FA-4E25-A85C-7AA1AD5668D8}
		{63368C99-13F3-49F6-B221-2AD3595486E7} = {CF8C1543-B634-47F5-BF43-4508F64E0554}
		{43EC8A0D-27A8-476C-8806-ED18FCC8B2F2} = {17EC0D83-06FD-45A9-87CE-5A6901204774}
		{A3301284-F70F-45E2-ABC9-A19D66A10712} = {6D7773F3-76FA-4E25-A85C-7AA1AD5668D8}
	EndGlobalSection
	GlobalSection(ExtensibilityGlobals) = postSolution
		SolutionGuid = {759AACA1-7B3D-4EA9-AAC6-CA9150656A98}
	EndGlobalSection
EndGlobal
